
Microsoft Visual Studio Solution File, Format Version 12.00
# Visual Studio Version 16
VisualStudioVersion = 16.0.29509.3
MinimumVisualStudioVersion = 10.0.40219.1
Project("{FAE04EC0-301F-11D3-BF4B-00C04F79EFBC}") = "SnakeConsole", "SnakeConsole\SnakeConsole.csproj", "{66D61276-0BD2-47F1-82E1-2E9772F52A63}"
EndProject
Global
	GlobalSection(SolutionConfigurationPlatforms) = preSolution
		Debug|Any CPU = Debug|Any CPU
		Release|Any CPU = Release|Any CPU
	EndGlobalSection
	GlobalSection(ProjectConfigurationPlatforms) = postSolution
		{66D61276-0BD2-47F1-82E1-2E9772F52A63}.Debug|Any CPU.ActiveCfg = Debug|Any CPU
		{66D61276-0BD2-47F1-82E1-2E9772F52A63}.Debug|Any CPU.Build.0 = Debug|Any CPU
		{66D61276-0BD2-47F1-82E1-2E9772F52A63}.Release|Any CPU.ActiveCfg = Release|Any CPU
		{66D61276-0BD2-47F1-82E1-2E9772F52A63}.Release|Any CPU.Build.0 = Release|Any CPU
	EndGlobalSection
	GlobalSection(SolutionProperties) = preSolution
		HideSolutionNode = FALSE
	EndGlobalSection
	GlobalSection(ExtensibilityGlobals) = postSolution
		SolutionGuid = {3B310A7B-8B06-4AB1-A5D6-0F20DB2D5058}
	EndGlobalSection
EndGlobal
